{
  "name": "timeframe-length-converter",
  "requires": true,
  "lockfileVersion": 1,
  "dependencies": {
    "moment": {
      "version": "2.18.1",
      "resolved": "https://registry.npmjs.org/moment/-/moment-2.18.1.tgz",
      "integrity": "sha1-w2GT3Tzhwu7SrbfIAtu8d6gbHA8="
    },
    "n3": {
      "version": "0.11.1",
      "resolved": "https://registry.npmjs.org/n3/-/n3-0.11.1.tgz",
      "integrity": "sha512-g6hF3mPTGwFvtq4SGLhFaIjj+mfZokgB/ddP1b1vqRxygkkEYHM04izrVbWOE1ZdsB9a1dMq+FTghS5zQt09Dg=="
    }
  }
}
